<Solution>
  <Project Path="FourLivingStory.ApiService/FourLivingStory.ApiService.csproj" />
  <Project Path="FourLivingStory.AppHost/FourLivingStory.AppHost.csproj" />
  <Project Path="FourLivingStory.ServiceDefaults/FourLivingStory.ServiceDefaults.csproj" />
  <Project Path="FourLivingStory.Tests/FourLivingStory.Tests.csproj" />
  <Project Path="FourLivingStory.Web/FourLivingStory.Web.csproj" />
</Solution>
